
Microsoft Visual Studio Solution File, Format Version 12.00
Project("{FAE04EC0-301F-11D3-BF4B-00C04F79EFBC}") = "ClassroomReservationBackend", "ClassroomReservationBackend\ClassroomReservationBackend.csproj", "{896114F5-F713-414D-ABAF-799FCB57821E}"
EndProject
Project("{2150E333-8FDC-42A3-9474-1A3956D46DE8}") = "Solution Items", "Solution Items", "{5E69E7AE-39F4-4158-92D0-FF7C9B57D8DB}"
	ProjectSection(SolutionItems) = preProject
		compose.yaml = compose.yaml
	EndProjectSection
EndProject
Global
	GlobalSection(SolutionConfigurationPlatforms) = preSolution
		Debug|Any CPU = Debug|Any CPU
		Release|Any CPU = Release|Any CPU
	EndGlobalSection
	GlobalSection(ProjectConfigurationPlatforms) = postSolution
		{896114F5-F713-414D-ABAF-799FCB57821E}.Debug|Any CPU.ActiveCfg = Debug|Any CPU
		{896114F5-F713-414D-ABAF-799FCB57821E}.Debug|Any CPU.Build.0 = Debug|Any CPU
		{896114F5-F713-414D-ABAF-799FCB57821E}.Release|Any CPU.ActiveCfg = Release|Any CPU
		{896114F5-F713-414D-ABAF-799FCB57821E}.Release|Any CPU.Build.0 = Release|Any CPU
	EndGlobalSection
EndGlobal
